
Microsoft Visual Studio Solution File, Format Version 12.00
# Visual Studio Version 17
VisualStudioVersion = 17.14.36511.14 d17.14
MinimumVisualStudioVersion = 10.0.40219.1
Project("{2150E333-8FDC-42A3-9474-1A3956D46DE8}") = "src", "src", "{02EA681E-C7D8-13C7-8484-4AC65E1B71E8}"
EndProject
Project("{2150E333-8FDC-42A3-9474-1A3956D46DE8}") = "core", "core", "{BF309F6D-A248-446C-B007-1D1EA4DA892E}"
EndProject
Project("{2150E333-8FDC-42A3-9474-1A3956D46DE8}") = "services", "services", "{5A76235B-BA61-4E52-BE0A-D5F75668AE9E}"
EndProject
Project("{2150E333-8FDC-42A3-9474-1A3956D46DE8}") = "tests", "tests", "{2DFD1A8D-03CC-4E8B-9A63-1221FC91EF71}"
EndProject
Project("{FAE04EC0-301F-11D3-BF4B-00C04F79EFBC}") = "Core.Events", "src\core\Core.Events\Core.Events.csproj", "{53A17780-86A3-443C-9B43-B338B8729969}"
EndProject
Project("{FAE04EC0-301F-11D3-BF4B-00C04F79EFBC}") = "Core.Events.Tests", "tests\Core.Events.Tests\Core.Events.Tests.csproj", "{ACF21219-56B6-4673-9A07-14EB013A2E7D}"
EndProject
Project("{FAE04EC0-301F-11D3-BF4B-00C04F79EFBC}") = "Core.Logging", "src\core\Core.Logging\Core.Logging.csproj", "{9AF44657-353D-4464-B228-CCD83A3D49A5}"
EndProject
Project("{FAE04EC0-301F-11D3-BF4B-00C04F79EFBC}") = "Core.Exceptions", "src\core\Core.Exceptions\Core.Exceptions.csproj", "{1CBACE9E-FF8B-4366-AA9D-451BE7E1AC96}"
EndProject
Project("{FAE04EC0-301F-11D3-BF4B-00C04F79EFBC}") = "Core.Validation", "src\core\Core.Validation\Core.Validation.csproj", "{6AE9516E-BAD1-48C4-BE0B-5C6E926BD753}"
EndProject
Project("{FAE04EC0-301F-11D3-BF4B-00C04F79EFBC}") = "Core.Utilities", "src\core\Core.Utilities\Core.Utilities.csproj", "{267D4179-1FD6-40CF-971A-0776DA6AC0AF}"
EndProject
Project("{2150E333-8FDC-42A3-9474-1A3956D46DE8}") = "Catalog", "Catalog", "{5F2789C6-A542-403F-B1A6-8E103967B045}"
EndProject
Project("{FAE04EC0-301F-11D3-BF4B-00C04F79EFBC}") = "Catalog.Domain", "src\services\Catalog\Catalog.Domain\Catalog.Domain.csproj", "{C2ED3693-E7DE-42AD-92A9-CFE1D07EDF53}"
EndProject
Project("{FAE04EC0-301F-11D3-BF4B-00C04F79EFBC}") = "Shared.Core", "src\core\Shared.Core\Shared.Core.csproj", "{CEF2C348-4E6C-488C-B135-D49F91306967}"
EndProject
Project("{FAE04EC0-301F-11D3-BF4B-00C04F79EFBC}") = "Caching.Core", "src\core\Caching.Core\Caching.Core.csproj", "{51BA99DC-93B2-4C25-B41B-37ACA00B1788}"
EndProject
Project("{FAE04EC0-301F-11D3-BF4B-00C04F79EFBC}") = "Catalog.Application", "src\services\Catalog\Catalog.Application\Catalog.Application.csproj", "{F632235C-9F9A-497F-866E-507861AFED2B}"
EndProject
Project("{FAE04EC0-301F-11D3-BF4B-00C04F79EFBC}") = "Catalog.Infrastructure", "src\services\Catalog\Catalog.Infrastructure\Catalog.Infrastructure.csproj", "{426D4B12-2260-488D-B596-8CE20465CEB9}"
EndProject
Global
	GlobalSection(SolutionConfigurationPlatforms) = preSolution
		Debug|Any CPU = Debug|Any CPU
		Release|Any CPU = Release|Any CPU
	EndGlobalSection
	GlobalSection(ProjectConfigurationPlatforms) = postSolution
		{53A17780-86A3-443C-9B43-B338B8729969}.Debug|Any CPU.ActiveCfg = Debug|Any CPU
		{53A17780-86A3-443C-9B43-B338B8729969}.Debug|Any CPU.Build.0 = Debug|Any CPU
		{53A17780-86A3-443C-9B43-B338B8729969}.Release|Any CPU.ActiveCfg = Release|Any CPU
		{53A17780-86A3-443C-9B43-B338B8729969}.Release|Any CPU.Build.0 = Release|Any CPU
		{ACF21219-56B6-4673-9A07-14EB013A2E7D}.Debug|Any CPU.ActiveCfg = Debug|Any CPU
		{ACF21219-56B6-4673-9A07-14EB013A2E7D}.Debug|Any CPU.Build.0 = Debug|Any CPU
		{ACF21219-56B6-4673-9A07-14EB013A2E7D}.Release|Any CPU.ActiveCfg = Release|Any CPU
		{ACF21219-56B6-4673-9A07-14EB013A2E7D}.Release|Any CPU.Build.0 = Release|Any CPU
		{9AF44657-353D-4464-B228-CCD83A3D49A5}.Debug|Any CPU.ActiveCfg = Debug|Any CPU
		{9AF44657-353D-4464-B228-CCD83A3D49A5}.Debug|Any CPU.Build.0 = Debug|Any CPU
		{9AF44657-353D-4464-B228-CCD83A3D49A5}.Release|Any CPU.ActiveCfg = Release|Any CPU
		{9AF44657-353D-4464-B228-CCD83A3D49A5}.Release|Any CPU.Build.0 = Release|Any CPU
		{1CBACE9E-FF8B-4366-AA9D-451BE7E1AC96}.Debug|Any CPU.ActiveCfg = Debug|Any CPU
		{1CBACE9E-FF8B-4366-AA9D-451BE7E1AC96}.Debug|Any CPU.Build.0 = Debug|Any CPU
		{1CBACE9E-FF8B-4366-AA9D-451BE7E1AC96}.Release|Any CPU.ActiveCfg = Release|Any CPU
		{1CBACE9E-FF8B-4366-AA9D-451BE7E1AC96}.Release|Any CPU.Build.0 = Release|Any CPU
		{6AE9516E-BAD1-48C4-BE0B-5C6E926BD753}.Debug|Any CPU.ActiveCfg = Debug|Any CPU
		{6AE9516E-BAD1-48C4-BE0B-5C6E926BD753}.Debug|Any CPU.Build.0 = Debug|Any CPU
		{6AE9516E-BAD1-48C4-BE0B-5C6E926BD753}.Release|Any CPU.ActiveCfg = Release|Any CPU
		{6AE9516E-BAD1-48C4-BE0B-5C6E926BD753}.Release|Any CPU.Build.0 = Release|Any CPU
		{267D4179-1FD6-40CF-971A-0776DA6AC0AF}.Debug|Any CPU.ActiveCfg = Debug|Any CPU
		{267D4179-1FD6-40CF-971A-0776DA6AC0AF}.Debug|Any CPU.Build.0 = Debug|Any CPU
		{267D4179-1FD6-40CF-971A-0776DA6AC0AF}.Release|Any CPU.ActiveCfg = Release|Any CPU
		{267D4179-1FD6-40CF-971A-0776DA6AC0AF}.Release|Any CPU.Build.0 = Release|Any CPU
		{C2ED3693-E7DE-42AD-92A9-CFE1D07EDF53}.Debug|Any CPU.ActiveCfg = Debug|Any CPU
		{C2ED3693-E7DE-42AD-92A9-CFE1D07EDF53}.Debug|Any CPU.Build.0 = Debug|Any CPU
		{C2ED3693-E7DE-42AD-92A9-CFE1D07EDF53}.Release|Any CPU.ActiveCfg = Release|Any CPU
		{C2ED3693-E7DE-42AD-92A9-CFE1D07EDF53}.Release|Any CPU.Build.0 = Release|Any CPU
		{CEF2C348-4E6C-488C-B135-D49F91306967}.Debug|Any CPU.ActiveCfg = Debug|Any CPU
		{CEF2C348-4E6C-488C-B135-D49F91306967}.Debug|Any CPU.Build.0 = Debug|Any CPU
		{CEF2C348-4E6C-488C-B135-D49F91306967}.Release|Any CPU.ActiveCfg = Release|Any CPU
		{CEF2C348-4E6C-488C-B135-D49F91306967}.Release|Any CPU.Build.0 = Release|Any CPU
		{51BA99DC-93B2-4C25-B41B-37ACA00B1788}.Debug|Any CPU.ActiveCfg = Debug|Any CPU
		{51BA99DC-93B2-4C25-B41B-37ACA00B1788}.Debug|Any CPU.Build.0 = Debug|Any CPU
		{51BA99DC-93B2-4C25-B41B-37ACA00B1788}.Release|Any CPU.ActiveCfg = Release|Any CPU
		{51BA99DC-93B2-4C25-B41B-37ACA00B1788}.Release|Any CPU.Build.0 = Release|Any CPU
		{F632235C-9F9A-497F-866E-507861AFED2B}.Debug|Any CPU.ActiveCfg = Debug|Any CPU
		{F632235C-9F9A-497F-866E-507861AFED2B}.Debug|Any CPU.Build.0 = Debug|Any CPU
		{F632235C-9F9A-497F-866E-507861AFED2B}.Release|Any CPU.ActiveCfg = Release|Any CPU
		{F632235C-9F9A-497F-866E-507861AFED2B}.Release|Any CPU.Build.0 = Release|Any CPU
		{426D4B12-2260-488D-B596-8CE20465CEB9}.Debug|Any CPU.ActiveCfg = Debug|Any CPU
		{426D4B12-2260-488D-B596-8CE20465CEB9}.Debug|Any CPU.Build.0 = Debug|Any CPU
		{426D4B12-2260-488D-B596-8CE20465CEB9}.Release|Any CPU.ActiveCfg = Release|Any CPU
		{426D4B12-2260-488D-B596-8CE20465CEB9}.Release|Any CPU.Build.0 = Release|Any CPU
	EndGlobalSection
	GlobalSection(SolutionProperties) = preSolution
		HideSolutionNode = FALSE
	EndGlobalSection
	GlobalSection(NestedProjects) = preSolution
		{BF309F6D-A248-446C-B007-1D1EA4DA892E} = {02EA681E-C7D8-13C7-8484-4AC65E1B71E8}
		{5A76235B-BA61-4E52-BE0A-D5F75668AE9E} = {02EA681E-C7D8-13C7-8484-4AC65E1B71E8}
		{53A17780-86A3-443C-9B43-B338B8729969} = {BF309F6D-A248-446C-B007-1D1EA4DA892E}
		{ACF21219-56B6-4673-9A07-14EB013A2E7D} = {2DFD1A8D-03CC-4E8B-9A63-1221FC91EF71}
		{9AF44657-353D-4464-B228-CCD83A3D49A5} = {BF309F6D-A248-446C-B007-1D1EA4DA892E}
		{1CBACE9E-FF8B-4366-AA9D-451BE7E1AC96} = {BF309F6D-A248-446C-B007-1D1EA4DA892E}
		{6AE9516E-BAD1-48C4-BE0B-5C6E926BD753} = {BF309F6D-A248-446C-B007-1D1EA4DA892E}
		{267D4179-1FD6-40CF-971A-0776DA6AC0AF} = {BF309F6D-A248-446C-B007-1D1EA4DA892E}
		{5F2789C6-A542-403F-B1A6-8E103967B045} = {5A76235B-BA61-4E52-BE0A-D5F75668AE9E}
		{C2ED3693-E7DE-42AD-92A9-CFE1D07EDF53} = {5F2789C6-A542-403F-B1A6-8E103967B045}
		{CEF2C348-4E6C-488C-B135-D49F91306967} = {BF309F6D-A248-446C-B007-1D1EA4DA892E}
		{51BA99DC-93B2-4C25-B41B-37ACA00B1788} = {BF309F6D-A248-446C-B007-1D1EA4DA892E}
		{F632235C-9F9A-497F-866E-507861AFED2B} = {5F2789C6-A542-403F-B1A6-8E103967B045}
		{426D4B12-2260-488D-B596-8CE20465CEB9} = {5F2789C6-A542-403F-B1A6-8E103967B045}
	EndGlobalSection
	GlobalSection(ExtensibilityGlobals) = postSolution
		SolutionGuid = {9156E501-4899-4F79-8C50-0298FAD421F7}
	EndGlobalSection
EndGlobal
